
Microsoft Visual Studio Solution File, Format Version 12.00
# Visual Studio Version 16
VisualStudioVersion = 16.0.29424.173
MinimumVisualStudioVersion = 10.0.40219.1
Project("{9A19103F-16F7-4668-BE54-9A1E7A4F7556}") = "WebESchool", "WebESchool\WebESchool.csproj", "{D5618366-B555-48F1-B22C-DF3A80A89515}"
EndProject
Project("{FAE04EC0-301F-11D3-BF4B-00C04F79EFBC}") = "WebESchoolData", "WebESchoolData\WebESchoolData.csproj", "{9207572E-150F-4504-8DD4-37E784BA6EEF}"
EndProject
Global
	GlobalSection(SolutionConfigurationPlatforms) = preSolution
		Debug|Any CPU = Debug|Any CPU
		Release|Any CPU = Release|Any CPU
	EndGlobalSection
	GlobalSection(ProjectConfigurationPlatforms) = postSolution
		{D5618366-B555-48F1-B22C-DF3A80A89515}.Debug|Any CPU.ActiveCfg = Debug|Any CPU
		{D5618366-B555-48F1-B22C-DF3A80A89515}.Debug|Any CPU.Build.0 = Debug|Any CPU
		{D5618366-B555-48F1-B22C-DF3A80A89515}.Release|Any CPU.ActiveCfg = Release|Any CPU
		{D5618366-B555-48F1-B22C-DF3A80A89515}.Release|Any CPU.Build.0 = Release|Any CPU
		{9207572E-150F-4504-8DD4-37E784BA6EEF}.Debug|Any CPU.ActiveCfg = Debug|Any CPU
		{9207572E-150F-4504-8DD4-37E784BA6EEF}.Debug|Any CPU.Build.0 = Debug|Any CPU
		{9207572E-150F-4504-8DD4-37E784BA6EEF}.Release|Any CPU.ActiveCfg = Release|Any CPU
		{9207572E-150F-4504-8DD4-37E784BA6EEF}.Release|Any CPU.Build.0 = Release|Any CPU
	EndGlobalSection
	GlobalSection(SolutionProperties) = preSolution
		HideSolutionNode = FALSE
	EndGlobalSection
	GlobalSection(ExtensibilityGlobals) = postSolution
		SolutionGuid = {0C1DC350-871A-4BBC-B22E-D259E87072B9}
	EndGlobalSection
EndGlobal
